{
  "name": "apifaker",
  "version": "0.0.1",
  "lockfileVersion": 1,
  "requires": true,
  "dependencies": {
    "accepts": {
      "version": "1.0.1",
      "resolved": "https://registry.npmjs.org/accepts/-/accepts-1.0.1.tgz",
      "integrity": "sha1-weBtYT5iRrqHRnjW2bkjibfOMQw=",
      "requires": {
        "mime": "~1.2.11",
        "negotiator": "~0.4.0"
      }
    },
    "asn1": {
      "version": "0.1.11",
      "resolved": "https://registry.npmjs.org/asn1/-/asn1-0.1.11.tgz",
      "integrity": "sha1-VZvhg3bQik7E2+gId9J4GGObLfc=",
      "optional": true
    },
    "assert-plus": {
      "version": "0.1.5",
      "resolved": "https://registry.npmjs.org/assert-plus/-/assert-plus-0.1.5.tgz",
      "integrity": "sha1-7nQAlBMALYTOxyGcasgRgS5yMWA=",
      "optional": true
    },
    "async": {
      "version": "0.8.0",
      "resolved": "https://registry.npmjs.org/async/-/async-0.8.0.tgz",
      "integrity": "sha1-7mXsdymML/FFa8RBigUtDwZDURI="
    },
    "aws-sign2": {
      "version": "0.5.0",
      "resolved": "https://registry.npmjs.org/aws-sign2/-/aws-sign2-0.5.0.tgz",
      "integrity": "sha1-xXED96F/wDfwLXwuZLYC6iI/fWM=",
      "optional": true
    },
    "binary-search-tree": {
      "version": "0.2.3",
      "resolved": "https://registry.npmjs.org/binary-search-tree/-/binary-search-tree-0.2.3.tgz",
      "integrity": "sha1-t2s2K0DfQ19toWX1vTGa7jbv3XY=",
      "requires": {
        "underscore": "~1.4.4"
      }
    },
    "body-parser": {
      "version": "1.1.0",
      "resolved": "https://registry.npmjs.org/body-parser/-/body-parser-1.1.0.tgz",
      "integrity": "sha1-5qPEYGOzKdqw63oxvcHco7MYWrk=",
      "requires": {
        "qs": "0.6.6",
        "raw-body": "1.1.4",
        "type-is": "1.1.0"
      }
    },
    "boom": {
      "version": "0.4.2",
      "resolved": "https://registry.npmjs.org/boom/-/boom-0.4.2.tgz",
      "integrity": "sha1-emNune1O/O+xnO9JR6PGffrukRs=",
      "optional": true,
      "requires": {
        "hoek": "0.9.x"
      }
    },
    "buffer-crc32": {
      "version": "0.2.1",
      "resolved": "https://registry.npmjs.org/buffer-crc32/-/buffer-crc32-0.2.1.tgz",
      "integrity": "sha1-vj5TgvwCttYySVasGvmKqYsIU0w="
    },
    "bytes": {
      "version": "0.3.0",
      "resolved": "https://registry.npmjs.org/bytes/-/bytes-0.3.0.tgz",
      "integrity": "sha1-eOLg4ox/nHuYjqiu4NtNX6mUGTU="
    },
    "combined-stream": {
      "version": "0.0.7",
      "resolved": "https://registry.npmjs.org/combined-stream/-/combined-stream-0.0.7.tgz",
      "integrity": "sha1-ATfmV7qlp1QcV6w3rF/AfXO03B8=",
      "requires": {
        "delayed-stream": "0.0.5"
      }
    },
    "commander": {
      "version": "8.3.0",
      "resolved": "https://registry.npmjs.org/commander/-/commander-8.3.0.tgz",
      "integrity": "sha512-OkTL9umf+He2DZkUq8f8J9of7yL6RJKI24dVITBmNfZBmri9zYZQrKkuXiKhyfPSu8tUhnVBB1iKXevvnlR4Ww=="
    },
    "component-emitter": {
      "version": "1.1.2",
      "resolved": "https://registry.npmjs.org/component-emitter/-/component-emitter-1.1.2.tgz",
      "integrity": "sha1-KWWU8nU9qmOZbSrwjRWpURbJrsM=",
      "dev": true
    },
    "cookie": {
      "version": "0.1.2",
      "resolved": "https://registry.npmjs.org/cookie/-/cookie-0.1.2.tgz",
      "integrity": "sha1-cv7D0k5Io0Mgc9kMEmQgBQYQBLE="
    },
    "cookie-signature": {
      "version": "1.0.3",
      "resolved": "https://registry.npmjs.org/cookie-signature/-/cookie-signature-1.0.3.tgz",
      "integrity": "sha1-kc2ZfMUftkFZVzjGnNoCAyj1D/k="
    },
    "cookiejar": {
      "version": "1.3.2",
      "resolved": "https://registry.npmjs.org/cookiejar/-/cookiejar-1.3.2.tgz",
      "integrity": "sha1-YdMini2iDIWQMiM1ApWKm331gkk=",
      "dev": true
    },
    "cookies": {
      "version": "0.8.0",
      "resolved": "https://registry.npmjs.org/cookies/-/cookies-0.8.0.tgz",
      "integrity": "sha512-8aPsApQfebXnuI+537McwYsDtjVxGm8gTIzQI3FDW6t5t/DAhERxtnbEPN/8RX+uZthoz4eCOgloXaE5cYyNow==",
      "requires": {
        "depd": "~2.0.0",
        "keygrip": "~1.1.0"
      }
    },
    "core-util-is": {
      "version": "1.0.3",
      "resolved": "https://registry.npmjs.org/core-util-is/-/core-util-is-1.0.3.tgz",
      "integrity": "sha512-ZQBvi1DcpJ4GDqanjucZ2Hj3wEO5pZDS89BWbkcrvdxksJorwUDDZamX9ldFkp9aw2lmBDLgkObEA4DWNJ9FYQ==",
      "dev": true
    },
    "cryptiles": {
      "version": "0.2.2",
      "resolved": "https://registry.npmjs.org/cryptiles/-/cryptiles-0.2.2.tgz",
      "integrity": "sha1-7ZH/HxetE9N0gohZT4pIoNJvMlw=",
      "optional": true,
      "requires": {
        "boom": "0.4.x"
      }
    },
    "ctype": {
      "version": "0.5.3",
      "resolved": "https://registry.npmjs.org/ctype/-/ctype-0.5.3.tgz",
      "integrity": "sha1-gsGMJGH3QRTvFsE1IkrQuRRMoS8=",
      "optional": true
    },
    "debug": {
      "version": "0.8.1",
      "resolved": "https://registry.npmjs.org/debug/-/debug-0.8.1.tgz",
      "integrity": "sha1-IP9NJvXkIstoobrLu2EDmtjBwTA="
    },
    "delayed-stream": {
      "version": "0.0.5",
      "resolved": "https://registry.npmjs.org/delayed-stream/-/delayed-stream-0.0.5.tgz",
      "integrity": "sha1-1LH0OpPoKW3+AmlPRoC8N6MTxz8="
    },
    "depd": {
      "version": "2.0.0",
      "resolved": "https://registry.npmjs.org/depd/-/depd-2.0.0.tgz",
      "integrity": "sha512-g7nH6P6dyDioJogAAGprGpCtVImJhpPk/roCzdb3fIh61/s/nPsfR6onyMwkCAR/OlC3yBC0lESvUoQEAssIrw=="
    },
    "ejs": {
      "version": "1.0.0",
      "resolved": "https://registry.npmjs.org/ejs/-/ejs-1.0.0.tgz",
      "integrity": "sha1-ycYKSKRu5FL7MqccMXuV5aofyz0="
    },
    "escape-html": {
      "version": "1.0.1",
      "resolved": "https://registry.npmjs.org/escape-html/-/escape-html-1.0.1.tgz",
      "integrity": "sha1-GBoobq05ejmpKFfPsdQwUuNWv/A="
    },
    "express": {
      "version": "4.1.1",
      "resolved": "https://registry.npmjs.org/express/-/express-4.1.1.tgz",
      "integrity": "sha1-Jm8Iw8vCH8GDHpVAc92ozzyuAC8=",
      "requires": {
        "accepts": "1.0.1",
        "buffer-crc32": "0.2.1",
        "cookie": "0.1.2",
        "cookie-signature": "1.0.3",
        "debug": ">= 0.7.3 < 1",
        "escape-html": "1.0.1",
        "fresh": "0.2.2",
        "merge-descriptors": "0.0.2",
        "methods": "0.1.0",
        "parseurl": "1.0.1",
        "path-to-regexp": "0.1.2",
        "qs": "0.6.6",
        "range-parser": "1.0.0",
        "send": "0.3.0",
        "serve-static": "1.1.0",
        "type-is": "1.1.0",
        "utils-merge": "1.0.0"
      }
    },
    "extend": {
      "version": "1.2.1",
      "resolved": "https://registry.npmjs.org/extend/-/extend-1.2.1.tgz",
      "integrity": "sha1-oPX9bPyDpf5J72mNYOyKYk3UV2w=",
      "dev": true
    },
    "forever-agent": {
      "version": "0.5.2",
      "resolved": "https://registry.npmjs.org/forever-agent/-/forever-agent-0.5.2.tgz",
      "integrity": "sha1-bQ4JxJIflKJ/Y9O0nF/v8epMUTA="
    },
    "form-data": {
      "version": "0.1.4",
      "resolved": "https://registry.npmjs.org/form-data/-/form-data-0.1.4.tgz",
      "integrity": "sha1-kavXiKupcCsaq/qLwBAxoqyeOxI=",
      "optional": true,
      "requires": {
        "async": "~0.9.0",
        "combined-stream": "~0.0.4",
        "mime": "~1.2.11"
      },
      "dependencies": {
        "async": {
          "version": "0.9.2",
          "resolved": "https://registry.npmjs.org/async/-/async-0.9.2.tgz",
          "integrity": "sha1-rqdNXmHB+JlhO/ZL2mbUx48v0X0=",
          "optional": true
        }
      }
    },
    "formidable": {
      "version": "1.0.14",
      "resolved": "https://registry.npmjs.org/formidable/-/formidable-1.0.14.tgz",
      "integrity": "sha1-Kz9MQRy7X91pXESEPiojUUpDIxo=",
      "dev": true
    },
    "fresh": {
      "version": "0.2.2",
      "resolved": "https://registry.npmjs.org/fresh/-/fresh-0.2.2.tgz",
      "integrity": "sha1-lzHc9WeMf660T7kDxPct9VGH+nc="
    },
    "hawk": {
      "version": "1.0.0",
      "resolved": "https://registry.npmjs.org/hawk/-/hawk-1.0.0.tgz",
      "integrity": "sha1-uQuxaYByhUEdp//LjdJZhQLTtS0=",
      "optional": true,
      "requires": {
        "boom": "0.4.x",
        "cryptiles": "0.2.x",
        "hoek": "0.9.x",
        "sntp": "0.2.x"
      }
    },
    "hoek": {
      "version": "0.9.1",
      "resolved": "https://registry.npmjs.org/hoek/-/hoek-0.9.1.tgz",
      "integrity": "sha1-PTIkYrrfB3Fup+uFuviAec3c5QU=",
      "optional": true
    },
    "http-signature": {
      "version": "0.10.1",
      "resolved": "https://registry.npmjs.org/http-signature/-/http-signature-0.10.1.tgz",
      "integrity": "sha1-T72sEyVZqoMjEh5UB3nAoBKyfmY=",
      "optional": true,
      "requires": {
        "asn1": "0.1.11",
        "assert-plus": "^0.1.5",
        "ctype": "0.5.3"
      }
    },
    "i18next": {
      "version": "1.7.4",
      "resolved": "https://registry.npmjs.org/i18next/-/i18next-1.7.4.tgz",
      "integrity": "sha1-thYpyd6VpcB2rLL5VPiogqwHcq8=",
      "requires": {
        "cookies": ">= 0.2.2"
      }
    },
    "inherits": {
      "version": "2.0.4",
      "resolved": "https://registry.npmjs.org/inherits/-/inherits-2.0.4.tgz",
      "integrity": "sha512-k/vGaX4/Yla3WzyMCvTQOXYeIHvqOKtnqBduzTHpzpQZzAskKMhZ2K+EnBiSM9zGSoIFeMpXKxa4dYeZIQqewQ==",
      "dev": true
    },
    "isarray": {
      "version": "0.0.1",
      "resolved": "https://registry.npmjs.org/isarray/-/isarray-0.0.1.tgz",
      "integrity": "sha1-ihis/Kmo9Bd+Cav8YDiTmwXR7t8=",
      "dev": true
    },
    "json-stringify-safe": {
      "version": "5.0.1",
      "resolved": "https://registry.npmjs.org/json-stringify-safe/-/json-stringify-safe-5.0.1.tgz",
      "integrity": "sha1-Epai1Y/UXxmg9s4B1lcB4sc1tus="
    },
    "keygrip": {
      "version": "1.1.0",
      "resolved": "https://registry.npmjs.org/keygrip/-/keygrip-1.1.0.tgz",
      "integrity": "sha512-iYSchDJ+liQ8iwbSI2QqsQOvqv58eJCEanyJPJi+Khyu8smkcKSFUCbPwzFcL7YVtZ6eONjqRX/38caJ7QjRAQ==",
      "requires": {
        "tsscmp": "1.0.6"
      }
    },
    "lodash": {
      "version": "4.17.21",
      "resolved": "https://registry.npmjs.org/lodash/-/lodash-4.17.21.tgz",
      "integrity": "sha512-v2kDEe57lecTulaDIuNTPy3Ry4gLGJ6Z1O3vE1krgXZNrsQ+LFTGHVxVjcXPs17LhbZVGedAJv8XZ1tvj5FvSg=="
    },
    "merge-descriptors": {
      "version": "0.0.2",
      "resolved": "https://registry.npmjs.org/merge-descriptors/-/merge-descriptors-0.0.2.tgz",
      "integrity": "sha1-w2pSp4FDdRPFcnXzndnTF1FKyMc="
    },
    "methods": {
      "version": "0.1.0",
      "resolved": "https://registry.npmjs.org/methods/-/methods-0.1.0.tgz",
      "integrity": "sha1-M11Cnu/SG3us8unJIqjSvRSjDk8="
    },
    "mime": {
      "version": "1.2.11",
      "resolved": "https://registry.npmjs.org/mime/-/mime-1.2.11.tgz",
      "integrity": "sha1-WCA+7Ybjpe8XrtK32evUfwpg3RA="
    },
    "mkdirp": {
      "version": "0.3.5",
      "resolved": "https://registry.npmjs.org/mkdirp/-/mkdirp-0.3.5.tgz",
      "integrity": "sha1-3j5fiWHIjHh+4TaN+EmsRBPsqNc="
    },
    "mockjs": {
      "version": "1.1.0",
      "resolved": "https://registry.npmjs.org/mockjs/-/mockjs-1.1.0.tgz",
      "integrity": "sha512-eQsKcWzIaZzEZ07NuEyO4Nw65g0hdWAyurVol1IPl1gahRwY+svqzfgfey8U8dahLwG44d6/RwEzuK52rSa/JQ==",
      "requires": {
        "commander": "*"
      }
    },
    "nedb": {
      "version": "0.10.5",
      "resolved": "https://registry.npmjs.org/nedb/-/nedb-0.10.5.tgz",
      "integrity": "sha1-Ja/JxIzVi70l0nDvrVxv4LaleJE=",
      "requires": {
        "async": "0.2.10",
        "binary-search-tree": "0.2.3",
        "mkdirp": "~0.3.5",
        "underscore": "~1.4.4"
      },
      "dependencies": {
        "async": {
          "version": "0.2.10",
          "resolved": "https://registry.npmjs.org/async/-/async-0.2.10.tgz",
          "integrity": "sha1-trvgsGdLnXGXCMo43owjfLUmw9E="
        }
      }
    },
    "negotiator": {
      "version": "0.4.9",
      "resolved": "https://registry.npmjs.org/negotiator/-/negotiator-0.4.9.tgz",
      "integrity": "sha1-kuRrbbU8fkIe1koryU8IvnYw3z8="
    },
    "node-uuid": {
      "version": "1.4.8",
      "resolved": "https://registry.npmjs.org/node-uuid/-/node-uuid-1.4.8.tgz",
      "integrity": "sha1-sEDrCSOWivq/jTL7HxfxFn/auQc="
    },
    "oauth-sign": {
      "version": "0.3.0",
      "resolved": "https://registry.npmjs.org/oauth-sign/-/oauth-sign-0.3.0.tgz",
      "integrity": "sha1-y1QPk7srIqfVlBaRoojWDo6pOG4=",
      "optional": true
    },
    "parseurl": {
      "version": "1.0.1",
      "resolved": "https://registry.npmjs.org/parseurl/-/parseurl-1.0.1.tgz",
      "integrity": "sha1-Llfc5u/dN8NRhwEDCUTCK/OIt7Q="
    },
    "path-to-regexp": {
      "version": "0.1.2",
      "resolved": "https://registry.npmjs.org/path-to-regexp/-/path-to-regexp-0.1.2.tgz",
      "integrity": "sha1-mysVH5zDAYye6lDKlXKeBXgXErQ="
    },
    "psl": {
      "version": "1.8.0",
      "resolved": "https://registry.npmjs.org/psl/-/psl-1.8.0.tgz",
      "integrity": "sha512-RIdOzyoavK+hA18OGGWDqUTsCLhtA7IcZ/6NCs4fFJaHBDab+pDDmDIByWFRQJq2Cd7r1OoQxBGKOaztq+hjIQ==",
      "optional": true
    },
    "punycode": {
      "version": "2.1.1",
      "resolved": "https://registry.npmjs.org/punycode/-/punycode-2.1.1.tgz",
      "integrity": "sha512-XRsRjdf+j5ml+y/6GKHPZbrF/8p2Yga0JPtdqTIY2Xe5ohJPD9saDJJLPvp9+NSBprVvevdXZybnj2cv8OEd0A==",
      "optional": true
    },
    "qs": {
      "version": "0.6.6",
      "resolved": "https://registry.npmjs.org/qs/-/qs-0.6.6.tgz",
      "integrity": "sha1-bgFQmP9RlouKPIGQAdXyyJvEsQc="
    },
    "range-parser": {
      "version": "1.0.0",
      "resolved": "https://registry.npmjs.org/range-parser/-/range-parser-1.0.0.tgz",
      "integrity": "sha1-pLJkz+C+XONqvjdlrJwqJIdG28A="
    },
    "raw-body": {
      "version": "1.1.4",
      "resolved": "https://registry.npmjs.org/raw-body/-/raw-body-1.1.4.tgz",
      "integrity": "sha1-8LViQ4jQMfY9oH+HDIbLnMrctn0=",
      "requires": {
        "bytes": "~0.3.0"
      }
    },
    "readable-stream": {
      "version": "1.0.27-1",
      "resolved": "https://registry.npmjs.org/readable-stream/-/readable-stream-1.0.27-1.tgz",
      "integrity": "sha1-a2eYPCA1fO/QfwFlABoW1xDZEHg=",
      "dev": true,
      "requires": {
        "core-util-is": "~1.0.0",
        "inherits": "~2.0.1",
        "isarray": "0.0.1",
        "string_decoder": "~0.10.x"
      }
    },
    "reduce-component": {
      "version": "1.0.1",
      "resolved": "https://registry.npmjs.org/reduce-component/-/reduce-component-1.0.1.tgz",
      "integrity": "sha1-4Mk1QsV0UhvqE98PlIjtgqt3xdo=",
      "dev": true
    },
    "request": {
      "version": "2.34.0",
      "resolved": "https://registry.npmjs.org/request/-/request-2.34.0.tgz",
      "integrity": "sha1-tdi5UmrdSi1GKfTUFxJFc5lkRa4=",
      "requires": {
        "aws-sign2": "~0.5.0",
        "forever-agent": "~0.5.0",
        "form-data": "~0.1.0",
        "hawk": "~1.0.0",
        "http-signature": "~0.10.0",
        "json-stringify-safe": "~5.0.0",
        "mime": "~1.2.9",
        "node-uuid": "~1.4.0",
        "oauth-sign": "~0.3.0",
        "qs": "~0.6.0",
        "tough-cookie": ">=0.12.0",
        "tunnel-agent": "~0.3.0"
      }
    },
    "send": {
      "version": "0.3.0",
      "resolved": "https://registry.npmjs.org/send/-/send-0.3.0.tgz",
      "integrity": "sha1-lxgyRjSAb8dbxPj15R9X2dZmBuc=",
      "requires": {
        "buffer-crc32": "0.2.1",
        "debug": "0.8.0",
        "fresh": "~0.2.1",
        "mime": "1.2.11",
        "range-parser": "~1.0.0"
      },
      "dependencies": {
        "debug": {
          "version": "0.8.0",
          "resolved": "https://registry.npmjs.org/debug/-/debug-0.8.0.tgz",
          "integrity": "sha1-BUHqkfDlA/3wxe7UGKMlUCNJZ/A="
        }
      }
    },
    "serve-favicon": {
      "version": "2.0.0",
      "resolved": "https://registry.npmjs.org/serve-favicon/-/serve-favicon-2.0.0.tgz",
      "integrity": "sha1-XYyCVpWRTheXTNG/TmCbbPfpkjs=",
      "requires": {
        "fresh": "0.2.2"
      }
    },
    "serve-static": {
      "version": "1.1.0",
      "resolved": "https://registry.npmjs.org/serve-static/-/serve-static-1.1.0.tgz",
      "integrity": "sha1-RU36Bbs93U5wGokVuDoniqkcVkM=",
      "requires": {
        "parseurl": "1.0.1",
        "send": "0.3.0"
      }
    },
    "should": {
      "version": "3.3.2",
      "resolved": "https://registry.npmjs.org/should/-/should-3.3.2.tgz",
      "integrity": "sha1-yIPdQJtTu98bVewNj8OGXysofmQ=",
      "dev": true
    },
    "sntp": {
      "version": "0.2.4",
      "resolved": "https://registry.npmjs.org/sntp/-/sntp-0.2.4.tgz",
      "integrity": "sha1-+4hfGLDzqtGJ+CSGJTa87ux1CQA=",
      "optional": true,
      "requires": {
        "hoek": "0.9.x"
      }
    },
    "string_decoder": {
      "version": "0.10.31",
      "resolved": "https://registry.npmjs.org/string_decoder/-/string_decoder-0.10.31.tgz",
      "integrity": "sha1-YuIDvEF2bGwoyfyEMB2rHFMQ+pQ=",
      "dev": true
    },
    "superagent": {
      "version": "0.18.0",
      "resolved": "https://registry.npmjs.org/superagent/-/superagent-0.18.0.tgz",
      "integrity": "sha1-nUN1o64sT71V/SDVsSokcNL8j2I=",
      "dev": true,
      "requires": {
        "component-emitter": "1.1.2",
        "cookiejar": "1.3.2",
        "debug": "~0.7.2",
        "extend": "~1.2.1",
        "form-data": "0.1.2",
        "formidable": "1.0.14",
        "methods": "0.0.1",
        "mime": "1.2.5",
        "qs": "0.6.6",
        "readable-stream": "1.0.27-1",
        "reduce-component": "1.0.1"
      },
      "dependencies": {
        "async": {
          "version": "0.2.10",
          "resolved": "https://registry.npmjs.org/async/-/async-0.2.10.tgz",
          "integrity": "sha1-trvgsGdLnXGXCMo43owjfLUmw9E=",
          "dev": true
        },
        "debug": {
          "version": "0.7.4",
          "resolved": "https://registry.npmjs.org/debug/-/debug-0.7.4.tgz",
          "integrity": "sha1-BuHqgILCyxTjmAbiLi9vdX+Srzk=",
          "dev": true
        },
        "form-data": {
          "version": "0.1.2",
          "resolved": "https://registry.npmjs.org/form-data/-/form-data-0.1.2.tgz",
          "integrity": "sha1-EUPCE1eRGnjdeROxibS6tdXVdEU=",
          "dev": true,
          "requires": {
            "async": "~0.2.9",
            "combined-stream": "~0.0.4",
            "mime": "~1.2.11"
          },
          "dependencies": {
            "mime": {
              "version": "1.2.11",
              "resolved": "https://registry.npmjs.org/mime/-/mime-1.2.11.tgz",
              "integrity": "sha1-WCA+7Ybjpe8XrtK32evUfwpg3RA=",
              "dev": true
            }
          }
        },
        "methods": {
          "version": "0.0.1",
          "resolved": "https://registry.npmjs.org/methods/-/methods-0.0.1.tgz",
          "integrity": "sha1-J3yQ+L7zlwlkWoNxxRw7bGSOBow=",
          "dev": true
        },
        "mime": {
          "version": "1.2.5",
          "resolved": "https://registry.npmjs.org/mime/-/mime-1.2.5.tgz",
          "integrity": "sha1-nu0HMCKov14WyFZsaGe4gyv7+hM=",
          "dev": true
        }
      }
    },
    "supertest": {
      "version": "0.12.1",
      "resolved": "https://registry.npmjs.org/supertest/-/supertest-0.12.1.tgz",
      "integrity": "sha1-Aqu8vs8UiDhnSXExi+QCGyX6GIE=",
      "dev": true,
      "requires": {
        "methods": "1.0.0",
        "superagent": "0.18.0"
      },
      "dependencies": {
        "methods": {
          "version": "1.0.0",
          "resolved": "https://registry.npmjs.org/methods/-/methods-1.0.0.tgz",
          "integrity": "sha1-mnPYY3XfzvJu9hyj5Lii4lOKgOM=",
          "dev": true
        }
      }
    },
    "tough-cookie": {
      "version": "4.0.0",
      "resolved": "https://registry.npmjs.org/tough-cookie/-/tough-cookie-4.0.0.tgz",
      "integrity": "sha512-tHdtEpQCMrc1YLrMaqXXcj6AxhYi/xgit6mZu1+EDWUn+qhUf8wMQoFIy9NXuq23zAwtcB0t/MjACGR18pcRbg==",
      "optional": true,
      "requires": {
        "psl": "^1.1.33",
        "punycode": "^2.1.1",
        "universalify": "^0.1.2"
      }
    },
    "tsscmp": {
      "version": "1.0.6",
      "resolved": "https://registry.npmjs.org/tsscmp/-/tsscmp-1.0.6.tgz",
      "integrity": "sha512-LxhtAkPDTkVCMQjt2h6eBVY28KCjikZqZfMcC15YBeNjkgUpdCfBu5HoiOTDu86v6smE8yOjyEktJ8hlbANHQA=="
    },
    "tunnel-agent": {
      "version": "0.3.0",
      "resolved": "https://registry.npmjs.org/tunnel-agent/-/tunnel-agent-0.3.0.tgz",
      "integrity": "sha1-rWgbaPUyGtKCfEz7G31d8s/pQu4=",
      "optional": true
    },
    "type-is": {
      "version": "1.1.0",
      "resolved": "https://registry.npmjs.org/type-is/-/type-is-1.1.0.tgz",
      "integrity": "sha1-0CReyLJnZmjVndDPMlUGBnalfbY=",
      "requires": {
        "mime": "~1.2.11"
      }
    },
    "underscore": {
      "version": "1.4.4",
      "resolved": "https://registry.npmjs.org/underscore/-/underscore-1.4.4.tgz",
      "integrity": "sha1-YaajIBBiKvoHljvzJSA88SI51gQ="
    },
    "universalify": {
      "version": "0.1.2",
      "resolved": "https://registry.npmjs.org/universalify/-/universalify-0.1.2.tgz",
      "integrity": "sha512-rBJeI5CXAlmy1pV+617WB9J63U6XcazHHF2f2dbJix4XzpUF0RS3Zbj0FGIOCAva5P/d/GBOYaACQ1w+0azUkg==",
      "optional": true
    },
    "utils-merge": {
      "version": "1.0.0",
      "resolved": "https://registry.npmjs.org/utils-merge/-/utils-merge-1.0.0.tgz",
      "integrity": "sha1-ApT7kiu5N1FTVBxPcJYjHyh8ivg="
    }
  }
}
