{
  "name": "yaml2excel",
  "version": "1.0.0",
  "lockfileVersion": 1,
  "requires": true,
  "dependencies": {
    "@babel/runtime": {
      "version": "7.16.3",
      "resolved": "http://10.2.25.31:8081/repository/sinosun-front-npm-group/@babel/runtime/-/runtime-7.16.3.tgz",
      "integrity": "sha1-uG8NsCoEGHo8F8qnfeaYQBZdQtU=",
      "dev": true,
      "requires": {
        "regenerator-runtime": "^0.13.4"
      }
    },
    "adler-32": {
      "version": "1.3.0",
      "resolved": "http://10.2.25.31:8081/repository/sinosun-front-npm-group/adler-32/-/adler-32-1.3.0.tgz",
      "integrity": "sha1-PK0bcc36afbIqR8+NhXTGk/e3HI=",
      "dev": true,
      "requires": {
        "printj": "~1.2.2"
      }
    },
    "argparse": {
      "version": "2.0.1",
      "resolved": "http://10.2.25.31:8081/repository/sinosun-front-npm-group/argparse/-/argparse-2.0.1.tgz",
      "integrity": "sha1-JG9Q88p4oyQPbJl+ipvR6sSeSzg=",
      "dev": true
    },
    "buffer-from": {
      "version": "1.1.2",
      "resolved": "http://10.2.25.31:8081/repository/sinosun-front-npm-group/buffer-from/-/buffer-from-1.1.2.tgz",
      "integrity": "sha1-KxRqb9cugLT1XSVfNe1Zo6mkG9U=",
      "dev": true
    },
    "cfb": {
      "version": "1.2.1",
      "resolved": "http://10.2.25.31:8081/repository/sinosun-front-npm-group/cfb/-/cfb-1.2.1.tgz",
      "integrity": "sha1-IJQp5MaO/TBkH2/HSy1gKL0gJAI=",
      "dev": true,
      "requires": {
        "adler-32": "~1.3.0",
        "crc-32": "~1.2.0",
        "printj": "~1.3.0"
      },
      "dependencies": {
        "printj": {
          "version": "1.3.0",
          "resolved": "http://10.2.25.31:8081/repository/sinosun-front-npm-group/printj/-/printj-1.3.0.tgz",
          "integrity": "sha1-kBipGKeQ5DcH8QYl1uEBh6Nnz/Y=",
          "dev": true
        }
      }
    },
    "co": {
      "version": "4.6.0",
      "resolved": "http://10.2.25.31:8081/repository/sinosun-front-npm-group/co/-/co-4.6.0.tgz",
      "integrity": "sha1-bqa989hTrlTMuOR7+gvz+QMfsYQ=",
      "dev": true
    },
    "co-prompt": {
      "version": "1.0.0",
      "resolved": "http://10.2.25.31:8081/repository/sinosun-front-npm-group/co-prompt/-/co-prompt-1.0.0.tgz",
      "integrity": "sha1-+zcOntrEhXayenMv5dfyHZ/G5vY=",
      "dev": true,
      "requires": {
        "keypress": "~0.2.1"
      }
    },
    "codepage": {
      "version": "1.3.8",
      "resolved": "http://10.2.25.31:8081/repository/sinosun-front-npm-group/codepage/-/codepage-1.3.8.tgz",
      "integrity": "sha1-Ty5dfAl13ij4hJgFjcta/KtqX3E=",
      "dev": true,
      "requires": {
        "commander": "^8.3.0",
        "concat-stream": "^2.0.0",
        "voc": "^1.2.0"
      }
    },
    "colors": {
      "version": "0.6.2",
      "resolved": "http://10.2.25.31:8081/repository/sinosun-front-npm-group/colors/-/colors-0.6.2.tgz",
      "integrity": "sha1-JCP+ZnisDF2uiFLl0OW+CMmXq8w=",
      "dev": true
    },
    "commander": {
      "version": "8.3.0",
      "resolved": "http://10.2.25.31:8081/repository/sinosun-front-npm-group/commander/-/commander-8.3.0.tgz",
      "integrity": "sha1-SDfqGy2me5xhamevuw+v7lZ7ymY=",
      "dev": true
    },
    "concat-stream": {
      "version": "2.0.0",
      "resolved": "http://10.2.25.31:8081/repository/sinosun-front-npm-group/concat-stream/-/concat-stream-2.0.0.tgz",
      "integrity": "sha1-QUz1r3kKSMYKub5FJ9VtXkETPLE=",
      "dev": true,
      "requires": {
        "buffer-from": "^1.0.0",
        "inherits": "^2.0.3",
        "readable-stream": "^3.0.2",
        "typedarray": "^0.0.6"
      }
    },
    "crc-32": {
      "version": "1.2.0",
      "resolved": "http://10.2.25.31:8081/repository/sinosun-front-npm-group/crc-32/-/crc-32-1.2.0.tgz",
      "integrity": "sha1-yy224puIUI4y2d0OwWk+e0Ghggg=",
      "dev": true,
      "requires": {
        "exit-on-epipe": "~1.0.1",
        "printj": "~1.1.0"
      },
      "dependencies": {
        "printj": {
          "version": "1.1.2",
          "resolved": "http://10.2.25.31:8081/repository/sinosun-front-npm-group/printj/-/printj-1.1.2.tgz",
          "integrity": "sha1-2Q3rKXWoufYA+zoclOP0xTx4oiI=",
          "dev": true
        }
      }
    },
    "exit-on-epipe": {
      "version": "1.0.1",
      "resolved": "http://10.2.25.31:8081/repository/sinosun-front-npm-group/exit-on-epipe/-/exit-on-epipe-1.0.1.tgz",
      "integrity": "sha1-C92S6H1ShdJn2qgXHQ6wYVlolpI=",
      "dev": true
    },
    "frac": {
      "version": "0.3.1",
      "resolved": "http://10.2.25.31:8081/repository/sinosun-front-npm-group/frac/-/frac-0.3.1.tgz",
      "integrity": "sha1-V3Z3t/3L5vr3xGHxgB00E3zaQ1Q=",
      "dev": true
    },
    "inherits": {
      "version": "2.0.4",
      "resolved": "http://10.2.25.31:8081/repository/sinosun-front-npm-group/inherits/-/inherits-2.0.4.tgz",
      "integrity": "sha1-D6LGT5MpF8NDOg3tVTY6rjdBa3w=",
      "dev": true
    },
    "js-yaml": {
      "version": "4.1.0",
      "resolved": "http://10.2.25.31:8081/repository/sinosun-front-npm-group/js-yaml/-/js-yaml-4.1.0.tgz",
      "integrity": "sha1-wftl+PUBeQHN0slRhkuhhFihBgI=",
      "dev": true,
      "requires": {
        "argparse": "^2.0.1"
      }
    },
    "jszip": {
      "version": "2.4.0",
      "resolved": "http://10.2.25.31:8081/repository/sinosun-front-npm-group/jszip/-/jszip-2.4.0.tgz",
      "integrity": "sha1-SHqTt2w7/6bLCFzWHrk06r4tKU8=",
      "dev": true,
      "requires": {
        "pako": "~0.2.5"
      }
    },
    "keypress": {
      "version": "0.2.1",
      "resolved": "http://10.2.25.31:8081/repository/sinosun-front-npm-group/keypress/-/keypress-0.2.1.tgz",
      "integrity": "sha1-HoBFQlABjbrUw/6USX1uZ7YmnHc=",
      "dev": true
    },
    "node-xlsx": {
      "version": "0.17.2",
      "resolved": "http://10.2.25.31:8081/repository/sinosun-front-npm-group/node-xlsx/-/node-xlsx-0.17.2.tgz",
      "integrity": "sha1-KGIVr6Y+CW1TF6fLDl1ZnPofe2I=",
      "dev": true,
      "requires": {
        "@babel/runtime": "^7.15.4",
        "buffer-from": "^1.1.2",
        "xlsx": "^0.17.2"
      }
    },
    "pako": {
      "version": "0.2.9",
      "resolved": "http://10.2.25.31:8081/repository/sinosun-front-npm-group/pako/-/pako-0.2.9.tgz",
      "integrity": "sha1-8/dSL073gjSNqBYbrZ7P1Rv4OnU=",
      "dev": true
    },
    "printj": {
      "version": "1.2.3",
      "resolved": "http://10.2.25.31:8081/repository/sinosun-front-npm-group/printj/-/printj-1.2.3.tgz",
      "integrity": "sha1-LPsrGSoeU4XbvltGZYrDSqgoUIo=",
      "dev": true
    },
    "readable-stream": {
      "version": "3.6.0",
      "resolved": "http://10.2.25.31:8081/repository/sinosun-front-npm-group/readable-stream/-/readable-stream-3.6.0.tgz",
      "integrity": "sha1-M3u9o63AcGvT4CRCaihtS0sskZg=",
      "dev": true,
      "requires": {
        "inherits": "^2.0.3",
        "string_decoder": "^1.1.1",
        "util-deprecate": "^1.0.1"
      }
    },
    "regenerator-runtime": {
      "version": "0.13.9",
      "resolved": "http://10.2.25.31:8081/repository/sinosun-front-npm-group/regenerator-runtime/-/regenerator-runtime-0.13.9.tgz",
      "integrity": "sha1-iSV0Kpj/2QgUmI11Zq0wyjsmO1I=",
      "dev": true
    },
    "safe-buffer": {
      "version": "5.2.1",
      "resolved": "http://10.2.25.31:8081/repository/sinosun-front-npm-group/safe-buffer/-/safe-buffer-5.2.1.tgz",
      "integrity": "sha1-Hq+fqb2x/dTsdfWPnNtOa3gn7sY=",
      "dev": true
    },
    "ssf": {
      "version": "0.8.2",
      "resolved": "http://10.2.25.31:8081/repository/sinosun-front-npm-group/ssf/-/ssf-0.8.2.tgz",
      "integrity": "sha1-udTcahwbz3b4q/qW19dlb7Kr7NY=",
      "dev": true,
      "requires": {
        "colors": "0.6.2",
        "frac": "0.3.1",
        "voc": "^1.2.0"
      }
    },
    "string_decoder": {
      "version": "1.3.0",
      "resolved": "http://10.2.25.31:8081/repository/sinosun-front-npm-group/string_decoder/-/string_decoder-1.3.0.tgz",
      "integrity": "sha1-QvEUWUpGzxqOMLCoT1bHjD7awh4=",
      "dev": true,
      "requires": {
        "safe-buffer": "~5.2.0"
      }
    },
    "typedarray": {
      "version": "0.0.6",
      "resolved": "http://10.2.25.31:8081/repository/sinosun-front-npm-group/typedarray/-/typedarray-0.0.6.tgz",
      "integrity": "sha1-hnrHTjhkGHsdPUfZlqeOxciDB3c=",
      "dev": true
    },
    "util-deprecate": {
      "version": "1.0.2",
      "resolved": "http://10.2.25.31:8081/repository/sinosun-front-npm-group/util-deprecate/-/util-deprecate-1.0.2.tgz",
      "integrity": "sha1-RQ1Nyfpw3nMnYvvS1KKJgUGaDM8=",
      "dev": true
    },
    "voc": {
      "version": "1.2.0",
      "resolved": "http://10.2.25.31:8081/repository/sinosun-front-npm-group/voc/-/voc-1.2.0.tgz",
      "integrity": "sha1-xFkCRTHXEGfAniwMK9psKxOvMtg=",
      "dev": true
    },
    "wmf": {
      "version": "1.0.2",
      "resolved": "http://10.2.25.31:8081/repository/sinosun-front-npm-group/wmf/-/wmf-1.0.2.tgz",
      "integrity": "sha1-fRnWIQcaCMK9xrfmiKnENSmMwto=",
      "dev": true
    },
    "word": {
      "version": "0.3.0",
      "resolved": "http://10.2.25.31:8081/repository/sinosun-front-npm-group/word/-/word-0.3.0.tgz",
      "integrity": "sha1-hUIVfk+OhJ9KNjooiZLUdhLbmWE=",
      "dev": true
    },
    "xlsx": {
      "version": "0.17.4",
      "resolved": "http://10.2.25.31:8081/repository/sinosun-front-npm-group/xlsx/-/xlsx-0.17.4.tgz",
      "integrity": "sha1-3D46CVTINfTQ/dZDZF229Kw/KPI=",
      "dev": true,
      "requires": {
        "adler-32": "~1.2.0",
        "cfb": "^1.1.4",
        "codepage": "~1.15.0",
        "crc-32": "~1.2.0",
        "ssf": "~0.11.2",
        "wmf": "~1.0.1",
        "word": "~0.3.0"
      },
      "dependencies": {
        "adler-32": {
          "version": "1.2.0",
          "resolved": "http://10.2.25.31:8081/repository/sinosun-front-npm-group/adler-32/-/adler-32-1.2.0.tgz",
          "integrity": "sha1-aj5r8KY5ALoVZSgIyxXGgT0aXyU=",
          "dev": true,
          "requires": {
            "exit-on-epipe": "~1.0.1",
            "printj": "~1.1.0"
          }
        },
        "codepage": {
          "version": "1.15.0",
          "resolved": "http://10.2.25.31:8081/repository/sinosun-front-npm-group/codepage/-/codepage-1.15.0.tgz",
          "integrity": "sha1-LgBRkCSzlCTsZu6z7AcifmkmGKs=",
          "dev": true
        },
        "frac": {
          "version": "1.1.2",
          "resolved": "http://10.2.25.31:8081/repository/sinosun-front-npm-group/frac/-/frac-1.1.2.tgz",
          "integrity": "sha1-PXT39keMiKG1AgMG10fcYxPHTQs=",
          "dev": true
        },
        "printj": {
          "version": "1.1.2",
          "resolved": "http://10.2.25.31:8081/repository/sinosun-front-npm-group/printj/-/printj-1.1.2.tgz",
          "integrity": "sha1-2Q3rKXWoufYA+zoclOP0xTx4oiI=",
          "dev": true
        },
        "ssf": {
          "version": "0.11.2",
          "resolved": "http://10.2.25.31:8081/repository/sinosun-front-npm-group/ssf/-/ssf-0.11.2.tgz",
          "integrity": "sha1-C5lpiyN1SNCI/EPN8rcMGnUSwGw=",
          "dev": true,
          "requires": {
            "frac": "~1.1.2"
          }
        }
      }
    },
    "xlsx-style": {
      "version": "0.8.13",
      "resolved": "http://10.2.25.31:8081/repository/sinosun-front-npm-group/xlsx-style/-/xlsx-style-0.8.13.tgz",
      "integrity": "sha1-7SONa4wFYvlEfCkGq73tLTOeBIY=",
      "dev": true,
      "requires": {
        "adler-32": "^1.3.0",
        "cfb": ">=0.10.0",
        "codepage": "~1.3.6",
        "commander": "^8.3.0",
        "crc-32": "^1.2.0",
        "jszip": "2.4.0",
        "ssf": "~0.8.1"
      }
    }
  }
}
